
Microsoft Visual Studio Solution File, Format Version 12.00
# Visual Studio 14
VisualStudioVersion = 14.0.25420.1
MinimumVisualStudioVersion = 10.0.40219.1
Project("{2150E333-8FDC-42A3-9474-1A3956D46DE8}") = "src", "src", "{47D58C48-3BB2-4F0E-90F5-D3A256AF2AE4}"
EndProject
Project("{2150E333-8FDC-42A3-9474-1A3956D46DE8}") = "Solution Items", "Solution Items", "{BB79B376-E452-4458-88DC-CE59489D397A}"
	ProjectSection(SolutionItems) = preProject
		.gitattributes = .gitattributes
		.gitignore = .gitignore
		build.cake = build.cake
		build.ps1 = build.ps1
		build.sh = build.sh
		global.json = global.json
		tools\packages.config = tools\packages.config
	EndProjectSection
EndProject
Project("{8BB2217D-0F2D-49D1-97BC-3654ED321F3B}") = "Furnace.Core.Requet.Play", "src\Furnace.Core.Requet.Play\Furnace.Core.Requet.Play.xproj", "{6E21485A-2F18-400E-859F-02F0D0C20A47}"
EndProject
Project("{8BB2217D-0F2D-49D1-97BC-3654ED321F3B}") = "Furnace.Core.Play", "src\Furnace.Core.Play\Furnace.Core.Play.xproj", "{025AB6CA-86B9-421D-8BD5-FD25C21C132B}"
EndProject
Project("{8BB2217D-0F2D-49D1-97BC-3654ED321F3B}") = "Furnace.Core.Owin.Play", "src\Furnace.Core.Owin.Play\Furnace.Core.Owin.Play.xproj", "{AC9BE2DA-3D35-4CAE-B248-8C11920246AA}"
EndProject
Project("{8BB2217D-0F2D-49D1-97BC-3654ED321F3B}") = "Furnace.Core.Play.Nancy", "src\Furnace.Core.Play.Nancy\Furnace.Core.Play.Nancy.xproj", "{5C4212FC-780D-470C-A239-F27B18544F56}"
EndProject
Global
	GlobalSection(SolutionConfigurationPlatforms) = preSolution
		Debug|Any CPU = Debug|Any CPU
		Release|Any CPU = Release|Any CPU
	EndGlobalSection
	GlobalSection(ProjectConfigurationPlatforms) = postSolution
		{6E21485A-2F18-400E-859F-02F0D0C20A47}.Debug|Any CPU.ActiveCfg = Debug|Any CPU
		{6E21485A-2F18-400E-859F-02F0D0C20A47}.Debug|Any CPU.Build.0 = Debug|Any CPU
		{6E21485A-2F18-400E-859F-02F0D0C20A47}.Release|Any CPU.ActiveCfg = Release|Any CPU
		{6E21485A-2F18-400E-859F-02F0D0C20A47}.Release|Any CPU.Build.0 = Release|Any CPU
		{025AB6CA-86B9-421D-8BD5-FD25C21C132B}.Debug|Any CPU.ActiveCfg = Debug|Any CPU
		{025AB6CA-86B9-421D-8BD5-FD25C21C132B}.Debug|Any CPU.Build.0 = Debug|Any CPU
		{025AB6CA-86B9-421D-8BD5-FD25C21C132B}.Release|Any CPU.ActiveCfg = Release|Any CPU
		{025AB6CA-86B9-421D-8BD5-FD25C21C132B}.Release|Any CPU.Build.0 = Release|Any CPU
		{025AB6CA-86B9-421D-8BD5-FD25C21C132B}.Release|Any CPU.Deploy.0 = Release|Any CPU
		{AC9BE2DA-3D35-4CAE-B248-8C11920246AA}.Debug|Any CPU.ActiveCfg = Debug|Any CPU
		{AC9BE2DA-3D35-4CAE-B248-8C11920246AA}.Debug|Any CPU.Build.0 = Debug|Any CPU
		{AC9BE2DA-3D35-4CAE-B248-8C11920246AA}.Release|Any CPU.ActiveCfg = Release|Any CPU
		{AC9BE2DA-3D35-4CAE-B248-8C11920246AA}.Release|Any CPU.Build.0 = Release|Any CPU
		{AC9BE2DA-3D35-4CAE-B248-8C11920246AA}.Release|Any CPU.Deploy.0 = Release|Any CPU
		{5C4212FC-780D-470C-A239-F27B18544F56}.Debug|Any CPU.ActiveCfg = Debug|Any CPU
		{5C4212FC-780D-470C-A239-F27B18544F56}.Debug|Any CPU.Build.0 = Debug|Any CPU
		{5C4212FC-780D-470C-A239-F27B18544F56}.Release|Any CPU.ActiveCfg = Release|Any CPU
		{5C4212FC-780D-470C-A239-F27B18544F56}.Release|Any CPU.Build.0 = Release|Any CPU
	EndGlobalSection
	GlobalSection(SolutionProperties) = preSolution
		HideSolutionNode = FALSE
	EndGlobalSection
	GlobalSection(NestedProjects) = preSolution
		{6E21485A-2F18-400E-859F-02F0D0C20A47} = {47D58C48-3BB2-4F0E-90F5-D3A256AF2AE4}
		{025AB6CA-86B9-421D-8BD5-FD25C21C132B} = {47D58C48-3BB2-4F0E-90F5-D3A256AF2AE4}
		{AC9BE2DA-3D35-4CAE-B248-8C11920246AA} = {47D58C48-3BB2-4F0E-90F5-D3A256AF2AE4}
		{5C4212FC-780D-470C-A239-F27B18544F56} = {47D58C48-3BB2-4F0E-90F5-D3A256AF2AE4}
	EndGlobalSection
EndGlobal
