
Microsoft Visual Studio Solution File, Format Version 12.00
# Visual Studio 14
VisualStudioVersion = 14.0.25420.1
MinimumVisualStudioVersion = 10.0.40219.1
Project("{2150E333-8FDC-42A3-9474-1A3956D46DE8}") = "src", "src", "{47D58C48-3BB2-4F0E-90F5-D3A256AF2AE4}"
EndProject
Project("{2150E333-8FDC-42A3-9474-1A3956D46DE8}") = "Solution Items", "Solution Items", "{BB79B376-E452-4458-88DC-CE59489D397A}"
	ProjectSection(SolutionItems) = preProject
		.gitattributes = .gitattributes
		.gitignore = .gitignore
		build.cake = build.cake
		build.ps1 = build.ps1
		build.sh = build.sh
		global.json = global.json
		tools\packages.config = tools\packages.config
	EndProjectSection
EndProject
Project("{8BB2217D-0F2D-49D1-97BC-3654ED321F3B}") = "Furnace.Core.Play", "src\Furnace.Core.Play\Furnace.Core.Play.xproj", "{025AB6CA-86B9-421D-8BD5-FD25C21C132B}"
EndProject
Project("{8BB2217D-0F2D-49D1-97BC-3654ED321F3B}") = "Furnace.Core.Play.Nancy", "src\Furnace.Core.Play.Nancy\Furnace.Core.Play.Nancy.xproj", "{5C4212FC-780D-470C-A239-F27B18544F56}"
EndProject
Project("{2150E333-8FDC-42A3-9474-1A3956D46DE8}") = "modules", "modules", "{679D5312-0014-49D3-8EA3-6B13DF1E2D87}"
EndProject
Project("{2150E333-8FDC-42A3-9474-1A3956D46DE8}") = "core", "core", "{69C00FBA-029C-4C6C-A24E-AD23255A4B1A}"
EndProject
Project("{8BB2217D-0F2D-49D1-97BC-3654ED321F3B}") = "Furnace.Core.Node.Play", "Furnace.Core.Node.Play\Furnace.Core.Node.Play.xproj", "{BB98AEEC-EA78-41C3-9739-431DE5A6D38C}"
EndProject
Project("{8BB2217D-0F2D-49D1-97BC-3654ED321F3B}") = "WebApplication1", "src\WebApplication1\WebApplication1.xproj", "{000E4EF0-D6F3-4ACD-B9CF-7CF4D6524A72}"
EndProject
Global
	GlobalSection(SolutionConfigurationPlatforms) = preSolution
		Debug|Any CPU = Debug|Any CPU
		Release|Any CPU = Release|Any CPU
	EndGlobalSection
	GlobalSection(ProjectConfigurationPlatforms) = postSolution
		{025AB6CA-86B9-421D-8BD5-FD25C21C132B}.Debug|Any CPU.ActiveCfg = Debug|Any CPU
		{025AB6CA-86B9-421D-8BD5-FD25C21C132B}.Debug|Any CPU.Build.0 = Debug|Any CPU
		{025AB6CA-86B9-421D-8BD5-FD25C21C132B}.Release|Any CPU.ActiveCfg = Release|Any CPU
		{025AB6CA-86B9-421D-8BD5-FD25C21C132B}.Release|Any CPU.Build.0 = Release|Any CPU
		{025AB6CA-86B9-421D-8BD5-FD25C21C132B}.Release|Any CPU.Deploy.0 = Release|Any CPU
		{5C4212FC-780D-470C-A239-F27B18544F56}.Debug|Any CPU.ActiveCfg = Debug|Any CPU
		{5C4212FC-780D-470C-A239-F27B18544F56}.Debug|Any CPU.Build.0 = Debug|Any CPU
		{5C4212FC-780D-470C-A239-F27B18544F56}.Release|Any CPU.ActiveCfg = Release|Any CPU
		{5C4212FC-780D-470C-A239-F27B18544F56}.Release|Any CPU.Build.0 = Release|Any CPU
		{BB98AEEC-EA78-41C3-9739-431DE5A6D38C}.Debug|Any CPU.ActiveCfg = Debug|Any CPU
		{BB98AEEC-EA78-41C3-9739-431DE5A6D38C}.Debug|Any CPU.Build.0 = Debug|Any CPU
		{BB98AEEC-EA78-41C3-9739-431DE5A6D38C}.Release|Any CPU.ActiveCfg = Release|Any CPU
		{BB98AEEC-EA78-41C3-9739-431DE5A6D38C}.Release|Any CPU.Build.0 = Release|Any CPU
		{000E4EF0-D6F3-4ACD-B9CF-7CF4D6524A72}.Debug|Any CPU.ActiveCfg = Debug|Any CPU
		{000E4EF0-D6F3-4ACD-B9CF-7CF4D6524A72}.Debug|Any CPU.Build.0 = Debug|Any CPU
		{000E4EF0-D6F3-4ACD-B9CF-7CF4D6524A72}.Release|Any CPU.ActiveCfg = Release|Any CPU
		{000E4EF0-D6F3-4ACD-B9CF-7CF4D6524A72}.Release|Any CPU.Build.0 = Release|Any CPU
	EndGlobalSection
	GlobalSection(SolutionProperties) = preSolution
		HideSolutionNode = FALSE
	EndGlobalSection
	GlobalSection(NestedProjects) = preSolution
		{025AB6CA-86B9-421D-8BD5-FD25C21C132B} = {69C00FBA-029C-4C6C-A24E-AD23255A4B1A}
		{5C4212FC-780D-470C-A239-F27B18544F56} = {679D5312-0014-49D3-8EA3-6B13DF1E2D87}
		{679D5312-0014-49D3-8EA3-6B13DF1E2D87} = {69C00FBA-029C-4C6C-A24E-AD23255A4B1A}
		{69C00FBA-029C-4C6C-A24E-AD23255A4B1A} = {47D58C48-3BB2-4F0E-90F5-D3A256AF2AE4}
		{BB98AEEC-EA78-41C3-9739-431DE5A6D38C} = {679D5312-0014-49D3-8EA3-6B13DF1E2D87}
		{000E4EF0-D6F3-4ACD-B9CF-7CF4D6524A72} = {47D58C48-3BB2-4F0E-90F5-D3A256AF2AE4}
	EndGlobalSection
EndGlobal
